{
  "version": 4,
  "terraform_version": "0.13.5",
  "serial": 3,
  "lineage": "30df6f37-60ea-54d5-e9c8-121235e3cff2",
  "outputs": {},
  "resources": [
    {
      "mode": "managed",
      "type": "vsphere_datacenter",
      "name": "datacenter-variable-name",
      "provider": "provider[\"registry.terraform.io/hashicorp/vsphere\"]",
      "instances": [
        {
          "schema_version": 0,
          "attributes": {
            "custom_attributes": null,
            "folder": null,
            "id": "datacenter-name",
            "moid": "datacenter-32",
            "name": "datacenter-name",
            "tags": null
          },
          "private": "bnVsbA=="
        }
      ]
    },
    {
      "mode": "managed",
      "type": "vsphere_folder",
      "name": "folder-in-datacenter-name",
      "provider": "provider[\"registry.terraform.io/hashicorp/vsphere\"]",
      "instances": [
        {
          "schema_version": 1,
          "attributes": {
            "custom_attributes": null,
            "datacenter_id": "datacenter-32",
            "id": "group-v37",
            "path": "datacenter-name-folder",
            "tags": null,
            "type": "vm"
          },
          "private": "eyJzY2hlbWFfdmVyc2lvbiI6IjEifQ==",
          "dependencies": [
            "vsphere_datacenter.datacenter-variable-name"
          ]
        }
      ]
    }
  ]
}
