{
  "version": 4,
  "terraform_version": "0.13.5",
  "serial": 33,
  "lineage": "fab51574-d861-b667-2156-b98275d445ff",
  "outputs": {
    "UUID": {
      "value": "422e0b4f-51e5-b19e-d0ec-e95d489a0902",
      "type": "string"
    },
    "When_IPv4_is_customized": {
      "value": "192.168.0.205",
      "type": "string"
    },
    "ipv4_address_example1": {
      "value": "192.168.0.205",
      "type": "string"
    },
    "ipv4_address_example2": {
      "value": "192.168.0.205",
      "type": "string"
    }
  },
  "resources": [
    {
      "mode": "data",
      "type": "vsphere_compute_cluster",
      "name": "var_cluster",
      "provider": "provider[\"registry.terraform.io/hashicorp/vsphere\"]",
      "instances": [
        {
          "schema_version": 0,
          "attributes": {
            "datacenter_id": "datacenter-2",
            "id": "domain-c7",
            "name": "ESxi_Cluster",
            "resource_pool_id": "resgroup-8"
          }
        }
      ]
    },
    {
      "mode": "data",
      "type": "vsphere_datacenter",
      "name": "var_ESxi_Datacenter",
      "provider": "provider[\"registry.terraform.io/hashicorp/vsphere\"]",
      "instances": [
        {
          "schema_version": 0,
          "attributes": {
            "id": "datacenter-2",
            "name": "ESxi_Datacenter"
          }
        }
      ]
    },
    {
      "mode": "data",
      "type": "vsphere_datastore",
      "name": "var_datastore",
      "provider": "provider[\"registry.terraform.io/hashicorp/vsphere\"]",
      "instances": [
        {
          "schema_version": 0,
          "attributes": {
            "datacenter_id": "datacenter-2",
            "id": "datastore-11",
            "name": "datastore1"
          }
        }
      ]
    },
    {
      "mode": "data",
      "type": "vsphere_network",
      "name": "var_network",
      "provider": "provider[\"registry.terraform.io/hashicorp/vsphere\"]",
      "instances": [
        {
          "schema_version": 0,
          "attributes": {
            "datacenter_id": "datacenter-2",
            "distributed_virtual_switch_uuid": null,
            "id": "network-12",
            "name": "VM Network",
            "type": "Network"
          }
        }
      ]
    },
    {
      "mode": "data",
      "type": "vsphere_virtual_machine",
      "name": "var_template",
      "provider": "provider[\"registry.terraform.io/hashicorp/vsphere\"]",
      "instances": [
        {
          "schema_version": 0,
          "attributes": {
            "alternate_guest_name": "",
            "annotation": "",
            "boot_delay": 0,
            "boot_retry_delay": 10000,
            "boot_retry_enabled": false,
            "change_version": "2020-11-23T12:44:42.486543Z",
            "cpu_hot_add_enabled": false,
            "cpu_hot_remove_enabled": false,
            "cpu_limit": -1,
            "cpu_performance_counters_enabled": false,
            "cpu_reservation": 0,
            "cpu_share_count": 2000,
            "cpu_share_level": "normal",
            "datacenter_id": "datacenter-2",
            "disks": [
              {
                "eagerly_scrub": false,
                "label": "Hard disk 1",
                "size": 16,
                "thin_provisioned": false,
                "unit_number": 0
              }
            ],
            "efi_secure_boot_enabled": false,
            "enable_disk_uuid": false,
            "enable_logging": true,
            "ept_rvi_mode": "automatic",
            "extra_config": {},
            "firmware": "bios",
            "guest_id": "ubuntu64Guest",
            "guest_ip_addresses": [],
            "hardware_version": 14,
            "hv_mode": "hvAuto",
            "id": "422e37e3-88db-c008-03a3-b2ad7f6338b9",
            "ide_controller_scan_count": 2,
            "latency_sensitivity": "normal",
            "memory": 2048,
            "memory_hot_add_enabled": false,
            "memory_limit": -1,
            "memory_reservation": 0,
            "memory_share_count": 20480,
            "memory_share_level": "normal",
            "name": "ubuntu_18_server",
            "nested_hv_enabled": false,
            "network_interface_types": [
              "vmxnet3"
            ],
            "num_cores_per_socket": 1,
            "num_cpus": 2,
            "run_tools_scripts_after_power_on": true,
            "run_tools_scripts_after_resume": true,
            "run_tools_scripts_before_guest_reboot": false,
            "run_tools_scripts_before_guest_shutdown": true,
            "run_tools_scripts_before_guest_standby": true,
            "sata_controller_scan_count": 0,
            "scsi_bus_sharing": "noSharing",
            "scsi_controller_scan_count": 1,
            "scsi_type": "lsilogic",
            "storage_policy_id": null,
            "swap_placement_policy": "inherit",
            "sync_time_with_host": false,
            "uuid": "422e37e3-88db-c008-03a3-b2ad7f6338b9",
            "vapp": null,
            "vapp_transport": []
          }
        }
      ]
    },
    {
      "mode": "managed",
      "type": "local_file",
      "name": "ansible_inventory",
      "provider": "provider[\"registry.terraform.io/hashicorp/local\"]",
      "instances": [
        {
          "schema_version": 0,
          "attributes": {
            "content": "[ubuntu]\n192.168.0.205\n\n[ubuntu:vars]\nansible_ssh_user=user\nansible_become_pass=password",
            "content_base64": null,
            "directory_permission": "0777",
            "file_permission": "0777",
            "filename": "../../ansible/resources/inventory",
            "id": "c88c52fb8172d782a29d1a40b32def79012b919f",
            "sensitive_content": null,
            "source": null
          },
          "private": "bnVsbA==",
          "dependencies": [
            "data.vsphere_compute_cluster.var_cluster",
            "data.vsphere_datastore.var_datastore",
            "data.vsphere_network.var_network",
            "data.vsphere_virtual_machine.var_template",
            "vsphere_virtual_machine.vm"
          ]
        }
      ]
    },
    {
      "mode": "managed",
      "type": "local_file",
      "name": "ansible_variables",
      "provider": "provider[\"registry.terraform.io/hashicorp/local\"]",
      "instances": [
        {
          "schema_version": 0,
          "attributes": {
            "content": "{\n    \"vsphere\": {\n        \"vsphere_username\": \"administrator@vsphere.local\",\n        \"vsphere_password\": \"S0ssw0rd@19\",\n        \"vsphere_server\": \"192.168.0.201\",\n        \"validate_certs\": false,\n        \"vsphere_datacenter\": \"ESxi_Datacenter\"       \n    },\n    \"vsphere_vm\": {\n        \"virtual_machine_uuid\": \"422e0b4f-51e5-b19e-d0ec-e95d489a0902\",\n        \"vm_snapshot_name\":\"snapshot-ubuntu_18_server\"\n    },\n    \"action\": {\n        \"value\": \"action_value\"\n    }\n}",
            "content_base64": null,
            "directory_permission": "0777",
            "file_permission": "0777",
            "filename": "../../ansible/resources/variables.json",
            "id": "1521887f5cacc33eb55944f9b88f89413447c362",
            "sensitive_content": null,
            "source": null
          },
          "private": "bnVsbA==",
          "dependencies": [
            "data.vsphere_compute_cluster.var_cluster",
            "data.vsphere_datastore.var_datastore",
            "data.vsphere_network.var_network",
            "data.vsphere_virtual_machine.var_template",
            "vsphere_virtual_machine.vm"
          ]
        }
      ]
    },
    {
      "mode": "managed",
      "type": "vsphere_virtual_machine",
      "name": "vm",
      "provider": "provider[\"registry.terraform.io/hashicorp/vsphere\"]",
      "instances": [
        {
          "schema_version": 3,
          "attributes": {
            "alternate_guest_name": "",
            "annotation": "",
            "boot_delay": 0,
            "boot_retry_delay": 10000,
            "boot_retry_enabled": false,
            "cdrom": [],
            "change_version": "2020-11-23T14:51:50.972038Z",
            "clone": [
              {
                "customize": [
                  {
                    "dns_server_list": [
                      "192.168.0.1"
                    ],
                    "dns_suffix_list": null,
                    "ipv4_gateway": "192.168.0.1",
                    "ipv6_gateway": "",
                    "linux_options": [
                      {
                        "domain": "",
                        "host_name": "testHostname",
                        "hw_clock_utc": true,
                        "time_zone": "Asia/Dubai"
                      }
                    ],
                    "network_interface": [
                      {
                        "dns_domain": "",
                        "dns_server_list": null,
                        "ipv4_address": "192.168.0.205",
                        "ipv4_netmask": 24,
                        "ipv6_address": "",
                        "ipv6_netmask": 0
                      }
                    ],
                    "timeout": 10,
                    "windows_options": [],
                    "windows_sysprep_text": ""
                  }
                ],
                "linked_clone": false,
                "ovf_network_map": null,
                "ovf_storage_map": null,
                "template_uuid": "422e37e3-88db-c008-03a3-b2ad7f6338b9",
                "timeout": 30
              }
            ],
            "cpu_hot_add_enabled": false,
            "cpu_hot_remove_enabled": false,
            "cpu_limit": -1,
            "cpu_performance_counters_enabled": false,
            "cpu_reservation": 0,
            "cpu_share_count": 2000,
            "cpu_share_level": "normal",
            "custom_attributes": null,
            "datacenter_id": null,
            "datastore_cluster_id": null,
            "datastore_id": "datastore-11",
            "default_ip_address": "192.168.0.205",
            "disk": [
              {
                "attach": false,
                "controller_type": "scsi",
                "datastore_id": "datastore-11",
                "device_address": "scsi:0:0",
                "disk_mode": "persistent",
                "disk_sharing": "sharingNone",
                "eagerly_scrub": false,
                "io_limit": -1,
                "io_reservation": 0,
                "io_share_count": 1000,
                "io_share_level": "normal",
                "keep_on_remove": false,
                "key": 2000,
                "label": "disk0",
                "name": "",
                "path": "terraform-ubuntu_18_server/terraform-ubuntu_18_server.vmdk",
                "size": 16,
                "storage_policy_id": "",
                "thin_provisioned": false,
                "unit_number": 0,
                "uuid": "6000C292-02ab-fa0d-5186-79737674c6c5",
                "write_through": false
              }
            ],
            "efi_secure_boot_enabled": false,
            "enable_disk_uuid": false,
            "enable_logging": false,
            "ept_rvi_mode": "automatic",
            "extra_config": null,
            "firmware": "bios",
            "folder": "",
            "force_power_off": true,
            "guest_id": "ubuntu64Guest",
            "guest_ip_addresses": [
              "192.168.0.205",
              "2001:8f8:1b2f:a48a:250:56ff:feae:a1e2",
              "fe80::250:56ff:feae:a1e2"
            ],
            "hardware_version": 14,
            "host_system_id": "host-10",
            "hv_mode": "hvAuto",
            "id": "422e0b4f-51e5-b19e-d0ec-e95d489a0902",
            "ide_controller_count": 2,
            "ignored_guest_ips": null,
            "imported": null,
            "latency_sensitivity": "normal",
            "memory": 2024,
            "memory_hot_add_enabled": false,
            "memory_limit": -1,
            "memory_reservation": 0,
            "memory_share_count": 20240,
            "memory_share_level": "normal",
            "migrate_wait_timeout": 30,
            "moid": "vm-130",
            "name": "terraform-ubuntu_18_server",
            "nested_hv_enabled": false,
            "network_interface": [
              {
                "adapter_type": "vmxnet3",
                "bandwidth_limit": -1,
                "bandwidth_reservation": 0,
                "bandwidth_share_count": 50,
                "bandwidth_share_level": "normal",
                "device_address": "pci:0:7",
                "key": 4000,
                "mac_address": "00:50:56:ae:a1:e2",
                "network_id": "network-12",
                "ovf_mapping": "",
                "use_static_mac": false
              }
            ],
            "num_cores_per_socket": 1,
            "num_cpus": 2,
            "ovf_deploy": [],
            "pci_device_id": null,
            "poweron_timeout": 300,
            "reboot_required": false,
            "resource_pool_id": "resgroup-8",
            "run_tools_scripts_after_power_on": true,
            "run_tools_scripts_after_resume": true,
            "run_tools_scripts_before_guest_reboot": false,
            "run_tools_scripts_before_guest_shutdown": true,
            "run_tools_scripts_before_guest_standby": true,
            "sata_controller_count": 0,
            "scsi_bus_sharing": "noSharing",
            "scsi_controller_count": 1,
            "scsi_type": "lsilogic",
            "shutdown_wait_timeout": 3,
            "storage_policy_id": "",
            "swap_placement_policy": "inherit",
            "sync_time_with_host": false,
            "tags": null,
            "uuid": "422e0b4f-51e5-b19e-d0ec-e95d489a0902",
            "vapp": [],
            "vapp_transport": [],
            "vmware_tools_status": "guestToolsRunning",
            "vmx_path": "terraform-ubuntu_18_server/terraform-ubuntu_18_server.vmx",
            "wait_for_guest_ip_timeout": 0,
            "wait_for_guest_net_routable": true,
            "wait_for_guest_net_timeout": 5
          },
          "private": "eyJzY2hlbWFfdmVyc2lvbiI6IjMifQ==",
          "dependencies": [
            "data.vsphere_compute_cluster.var_cluster",
            "data.vsphere_datastore.var_datastore",
            "data.vsphere_network.var_network",
            "data.vsphere_virtual_machine.var_template"
          ]
        }
      ]
    },
    {
      "mode": "managed",
      "type": "vsphere_virtual_machine_snapshot",
      "name": "vm_snapshot",
      "provider": "provider[\"registry.terraform.io/hashicorp/vsphere\"]",
      "instances": [
        {
          "index_key": 0,
          "schema_version": 0,
          "attributes": {
            "consolidate": true,
            "description": "This is Demo Snapshot",
            "id": "snapshot-131",
            "memory": true,
            "quiesce": true,
            "remove_children": true,
            "snapshot_name": "snapshot-ubuntu_18_server",
            "virtual_machine_uuid": "422e0b4f-51e5-b19e-d0ec-e95d489a0902"
          },
          "private": "bnVsbA==",
          "dependencies": [
            "data.vsphere_compute_cluster.var_cluster",
            "data.vsphere_datastore.var_datastore",
            "data.vsphere_network.var_network",
            "data.vsphere_virtual_machine.var_template",
            "vsphere_virtual_machine.vm"
          ]
        }
      ]
    }
  ]
}
